
Microsoft Visual Studio Solution File, Format Version 12.00
# Visual Studio Version 17
VisualStudioVersion = 17.6.33815.320
MinimumVisualStudioVersion = 10.0.40219.1
Project("{FAE04EC0-301F-11D3-BF4B-00C04F79EFBC}") = "MCServCare", "MCServCare.csproj", "{239CD16E-AF76-4525-9506-1E51C653A7B8}"
EndProject
Project("{2150E333-8FDC-42A3-9474-1A3956D46DE8}") = "Éléments de solution", "Éléments de solution", "{57352659-3E8F-4C62-82AE-8889AE97366E}"
EndProject
Global
	GlobalSection(SolutionConfigurationPlatforms) = preSolution
		Debug|Any CPU = Debug|Any CPU
		Release|Any CPU = Release|Any CPU
	EndGlobalSection
	GlobalSection(ProjectConfigurationPlatforms) = postSolution
		{239CD16E-AF76-4525-9506-1E51C653A7B8}.Debug|Any CPU.ActiveCfg = Debug|Any CPU
		{239CD16E-AF76-4525-9506-1E51C653A7B8}.Debug|Any CPU.Build.0 = Debug|Any CPU
		{239CD16E-AF76-4525-9506-1E51C653A7B8}.Release|Any CPU.ActiveCfg = Release|Any CPU
		{239CD16E-AF76-4525-9506-1E51C653A7B8}.Release|Any CPU.Build.0 = Release|Any CPU
	EndGlobalSection
	GlobalSection(SolutionProperties) = preSolution
		HideSolutionNode = FALSE
	EndGlobalSection
	GlobalSection(ExtensibilityGlobals) = postSolution
		SolutionGuid = {D60CD928-494B-4450-BEBF-AACAFFC0F04F}
	EndGlobalSection
EndGlobal
